../blast_info/blastp_result/batch_1.csv
../blast_info/blastp_result/batch_10.csv
../blast_info/blastp_result/batch_100.csv
../blast_info/blastp_result/batch_101.csv
../blast_info/blastp_result/batch_102.csv
../blast_info/blastp_result/batch_103.csv
../blast_info/blastp_result/batch_104.csv
../blast_info/blastp_result/batch_105.csv
../blast_info/blastp_result/batch_106.csv
../blast_info/blastp_result/batch_107.csv
../blast_info/blastp_result/batch_108.csv
../blast_info/blastp_result/batch_109.csv
../blast_info/blastp_result/batch_11.csv
../blast_info/blastp_result/batch_110.csv
../blast_info/blastp_result/batch_111.csv
../blast_info/blastp_result/batch_112.csv
../blast_info/blastp_result/batch_113.csv
../blast_info/blastp_result/batch_114.csv
../blast_info/blastp_result/batch_115.csv
../blast_info/blastp_result/batch_116.csv
../blast_info/blastp_result/batch_117.csv
../blast_info/blastp_result/batch_118.csv
../blast_info/blastp_result/batch_119.csv
../blast_info/blastp_result/batch_12.csv
../blast_info/blastp_result/batch_120.csv
../blast_info/blastp_result/batch_121.csv
../blast_info/blastp_result/batch_122.csv
../blast_info/blastp_result/batch_123.csv
../blast_info/blastp_result/batch_124.csv
../blast_info/blastp_result/batch_125.csv
../blast_info/blastp_result/batch_126.csv
../blast_info/blastp_result/batch_127.csv
../blast_info/blastp_result/batch_128.csv
../blast_info/blastp_result/batch_129.csv
../blast_info/blastp_result/batch_13.csv
../blast_info/blastp_result/batch_130.csv
../blast_info/blastp_result/batch_131.csv
../blast_info/blastp_result/batch_132.csv
../blast_info/blastp_result/batch_133.csv
../blast_info/blastp_result/batch_134.csv
../blast_info/blastp_result/batch_135.csv
../blast_info/blastp_result/batch_136.csv
../blast_info/blastp_result/batch_137.csv
../blast_info/blastp_result/batch_138.csv
../blast_info/blastp_result/batch_139.csv
../blast_info/blastp_result/batch_14.csv
../blast_info/blastp_result/batch_140.csv
../blast_info/blastp_result/batch_141.csv
../blast_info/blastp_result/batch_142.csv
../blast_info/blastp_result/batch_143.csv
../blast_info/blastp_result/batch_144.csv
../blast_info/blastp_result/batch_145.csv
../blast_info/blastp_result/batch_146.csv
../blast_info/blastp_result/batch_147.csv
../blast_info/blastp_result/batch_148.csv
../blast_info/blastp_result/batch_149.csv
../blast_info/blastp_result/batch_15.csv
../blast_info/blastp_result/batch_150.csv
../blast_info/blastp_result/batch_151.csv
../blast_info/blastp_result/batch_152.csv
../blast_info/blastp_result/batch_153.csv
../blast_info/blastp_result/batch_154.csv
../blast_info/blastp_result/batch_155.csv
../blast_info/blastp_result/batch_156.csv
../blast_info/blastp_result/batch_157.csv
../blast_info/blastp_result/batch_158.csv
../blast_info/blastp_result/batch_159.csv
../blast_info/blastp_result/batch_16.csv
../blast_info/blastp_result/batch_160.csv
../blast_info/blastp_result/batch_161.csv
../blast_info/blastp_result/batch_162.csv
../blast_info/blastp_result/batch_163.csv
../blast_info/blastp_result/batch_164.csv
../blast_info/blastp_result/batch_165.csv
../blast_info/blastp_result/batch_166.csv
../blast_info/blastp_result/batch_167.csv
../blast_info/blastp_result/batch_168.csv
../blast_info/blastp_result/batch_169.csv
../blast_info/blastp_result/batch_17.csv
../blast_info/blastp_result/batch_170.csv
../blast_info/blastp_result/batch_171.csv
../blast_info/blastp_result/batch_172.csv
../blast_info/blastp_result/batch_173.csv
../blast_info/blastp_result/batch_174.csv
../blast_info/blastp_result/batch_175.csv
../blast_info/blastp_result/batch_176.csv
../blast_info/blastp_result/batch_177.csv
../blast_info/blastp_result/batch_178.csv
../blast_info/blastp_result/batch_179.csv
../blast_info/blastp_result/batch_18.csv
../blast_info/blastp_result/batch_180.csv
../blast_info/blastp_result/batch_181.csv
../blast_info/blastp_result/batch_182.csv
../blast_info/blastp_result/batch_183.csv
../blast_info/blastp_result/batch_184.csv
../blast_info/blastp_result/batch_185.csv
../blast_info/blastp_result/batch_186.csv
../blast_info/blastp_result/batch_187.csv
../blast_info/blastp_result/batch_188.csv
../blast_info/blastp_result/batch_189.csv
../blast_info/blastp_result/batch_19.csv
../blast_info/blastp_result/batch_190.csv
../blast_info/blastp_result/batch_191.csv
../blast_info/blastp_result/batch_192.csv
../blast_info/blastp_result/batch_193.csv
../blast_info/blastp_result/batch_194.csv
../blast_info/blastp_result/batch_195.csv
../blast_info/blastp_result/batch_196.csv
../blast_info/blastp_result/batch_197.csv
../blast_info/blastp_result/batch_198.csv
../blast_info/blastp_result/batch_199.csv
../blast_info/blastp_result/batch_2.csv
../blast_info/blastp_result/batch_20.csv
../blast_info/blastp_result/batch_200.csv
../blast_info/blastp_result/batch_201.csv
../blast_info/blastp_result/batch_202.csv
../blast_info/blastp_result/batch_203.csv
../blast_info/blastp_result/batch_204.csv
../blast_info/blastp_result/batch_205.csv
../blast_info/blastp_result/batch_206.csv
../blast_info/blastp_result/batch_207.csv
../blast_info/blastp_result/batch_208.csv
../blast_info/blastp_result/batch_209.csv
../blast_info/blastp_result/batch_21.csv
../blast_info/blastp_result/batch_210.csv
../blast_info/blastp_result/batch_211.csv
../blast_info/blastp_result/batch_212.csv
../blast_info/blastp_result/batch_213.csv
../blast_info/blastp_result/batch_214.csv
../blast_info/blastp_result/batch_215.csv
../blast_info/blastp_result/batch_216.csv
../blast_info/blastp_result/batch_217.csv
../blast_info/blastp_result/batch_218.csv
../blast_info/blastp_result/batch_219.csv
../blast_info/blastp_result/batch_22.csv
../blast_info/blastp_result/batch_220.csv
../blast_info/blastp_result/batch_221.csv
../blast_info/blastp_result/batch_222.csv
../blast_info/blastp_result/batch_223.csv
../blast_info/blastp_result/batch_224.csv
../blast_info/blastp_result/batch_225.csv
../blast_info/blastp_result/batch_226.csv
../blast_info/blastp_result/batch_227.csv
../blast_info/blastp_result/batch_23.csv
../blast_info/blastp_result/batch_24.csv
../blast_info/blastp_result/batch_25.csv
../blast_info/blastp_result/batch_26.csv
../blast_info/blastp_result/batch_27.csv
../blast_info/blastp_result/batch_28.csv
../blast_info/blastp_result/batch_29.csv
../blast_info/blastp_result/batch_3.csv
../blast_info/blastp_result/batch_30.csv
../blast_info/blastp_result/batch_31.csv
../blast_info/blastp_result/batch_32.csv
../blast_info/blastp_result/batch_33.csv
../blast_info/blastp_result/batch_34.csv
../blast_info/blastp_result/batch_35.csv
../blast_info/blastp_result/batch_36.csv
../blast_info/blastp_result/batch_37.csv
../blast_info/blastp_result/batch_38.csv
../blast_info/blastp_result/batch_39.csv
../blast_info/blastp_result/batch_4.csv
../blast_info/blastp_result/batch_40.csv
../blast_info/blastp_result/batch_41.csv
../blast_info/blastp_result/batch_42.csv
../blast_info/blastp_result/batch_43.csv
../blast_info/blastp_result/batch_44.csv
../blast_info/blastp_result/batch_45.csv
../blast_info/blastp_result/batch_46.csv
../blast_info/blastp_result/batch_47.csv
../blast_info/blastp_result/batch_48.csv
../blast_info/blastp_result/batch_49.csv
../blast_info/blastp_result/batch_5.csv
../blast_info/blastp_result/batch_50.csv
../blast_info/blastp_result/batch_51.csv
../blast_info/blastp_result/batch_52.csv
../blast_info/blastp_result/batch_53.csv
../blast_info/blastp_result/batch_54.csv
../blast_info/blastp_result/batch_55.csv
../blast_info/blastp_result/batch_56.csv
../blast_info/blastp_result/batch_57.csv
../blast_info/blastp_result/batch_58.csv
../blast_info/blastp_result/batch_59.csv
../blast_info/blastp_result/batch_6.csv
../blast_info/blastp_result/batch_60.csv
../blast_info/blastp_result/batch_61.csv
../blast_info/blastp_result/batch_62.csv
../blast_info/blastp_result/batch_63.csv
../blast_info/blastp_result/batch_64.csv
../blast_info/blastp_result/batch_65.csv
../blast_info/blastp_result/batch_66.csv
../blast_info/blastp_result/batch_67.csv
../blast_info/blastp_result/batch_68.csv
../blast_info/blastp_result/batch_69.csv
../blast_info/blastp_result/batch_7.csv
../blast_info/blastp_result/batch_70.csv
../blast_info/blastp_result/batch_71.csv
../blast_info/blastp_result/batch_72.csv
../blast_info/blastp_result/batch_73.csv
../blast_info/blastp_result/batch_74.csv
../blast_info/blastp_result/batch_75.csv
../blast_info/blastp_result/batch_76.csv
../blast_info/blastp_result/batch_77.csv
../blast_info/blastp_result/batch_78.csv
../blast_info/blastp_result/batch_79.csv
../blast_info/blastp_result/batch_8.csv
../blast_info/blastp_result/batch_80.csv
../blast_info/blastp_result/batch_81.csv
../blast_info/blastp_result/batch_82.csv
../blast_info/blastp_result/batch_83.csv
../blast_info/blastp_result/batch_84.csv
../blast_info/blastp_result/batch_85.csv
../blast_info/blastp_result/batch_86.csv
../blast_info/blastp_result/batch_87.csv
../blast_info/blastp_result/batch_88.csv
../blast_info/blastp_result/batch_89.csv
../blast_info/blastp_result/batch_9.csv
../blast_info/blastp_result/batch_90.csv
../blast_info/blastp_result/batch_91.csv
../blast_info/blastp_result/batch_92.csv
../blast_info/blastp_result/batch_93.csv
../blast_info/blastp_result/batch_94.csv
../blast_info/blastp_result/batch_95.csv
../blast_info/blastp_result/batch_96.csv
../blast_info/blastp_result/batch_97.csv
../blast_info/blastp_result/batch_98.csv
../blast_info/blastp_result/batch_99.csv
../blast_info/fasta_split_1000/batch_1.fasta
../blast_info/fasta_split_1000/batch_10.fasta
../blast_info/fasta_split_1000/batch_100.fasta
../blast_info/fasta_split_1000/batch_101.fasta
../blast_info/fasta_split_1000/batch_102.fasta
../blast_info/fasta_split_1000/batch_103.fasta
../blast_info/fasta_split_1000/batch_104.fasta
../blast_info/fasta_split_1000/batch_105.fasta
../blast_info/fasta_split_1000/batch_106.fasta
../blast_info/fasta_split_1000/batch_107.fasta
../blast_info/fasta_split_1000/batch_108.fasta
../blast_info/fasta_split_1000/batch_109.fasta
../blast_info/fasta_split_1000/batch_11.fasta
../blast_info/fasta_split_1000/batch_110.fasta
../blast_info/fasta_split_1000/batch_111.fasta
../blast_info/fasta_split_1000/batch_112.fasta
../blast_info/fasta_split_1000/batch_113.fasta
../blast_info/fasta_split_1000/batch_114.fasta
../blast_info/fasta_split_1000/batch_115.fasta
../blast_info/fasta_split_1000/batch_116.fasta
../blast_info/fasta_split_1000/batch_117.fasta
../blast_info/fasta_split_1000/batch_118.fasta
../blast_info/fasta_split_1000/batch_119.fasta
../blast_info/fasta_split_1000/batch_12.fasta
../blast_info/fasta_split_1000/batch_120.fasta
../blast_info/fasta_split_1000/batch_121.fasta
../blast_info/fasta_split_1000/batch_122.fasta
../blast_info/fasta_split_1000/batch_123.fasta
../blast_info/fasta_split_1000/batch_124.fasta
../blast_info/fasta_split_1000/batch_125.fasta
../blast_info/fasta_split_1000/batch_126.fasta
../blast_info/fasta_split_1000/batch_127.fasta
../blast_info/fasta_split_1000/batch_128.fasta
../blast_info/fasta_split_1000/batch_129.fasta
../blast_info/fasta_split_1000/batch_13.fasta
../blast_info/fasta_split_1000/batch_130.fasta
../blast_info/fasta_split_1000/batch_131.fasta
../blast_info/fasta_split_1000/batch_132.fasta
../blast_info/fasta_split_1000/batch_133.fasta
../blast_info/fasta_split_1000/batch_134.fasta
../blast_info/fasta_split_1000/batch_135.fasta
../blast_info/fasta_split_1000/batch_136.fasta
../blast_info/fasta_split_1000/batch_137.fasta
../blast_info/fasta_split_1000/batch_138.fasta
../blast_info/fasta_split_1000/batch_139.fasta
../blast_info/fasta_split_1000/batch_14.fasta
../blast_info/fasta_split_1000/batch_140.fasta
../blast_info/fasta_split_1000/batch_141.fasta
../blast_info/fasta_split_1000/batch_142.fasta
../blast_info/fasta_split_1000/batch_143.fasta
../blast_info/fasta_split_1000/batch_144.fasta
../blast_info/fasta_split_1000/batch_145.fasta
../blast_info/fasta_split_1000/batch_146.fasta
../blast_info/fasta_split_1000/batch_147.fasta
../blast_info/fasta_split_1000/batch_148.fasta
../blast_info/fasta_split_1000/batch_149.fasta
../blast_info/fasta_split_1000/batch_15.fasta
../blast_info/fasta_split_1000/batch_150.fasta
../blast_info/fasta_split_1000/batch_151.fasta
../blast_info/fasta_split_1000/batch_152.fasta
../blast_info/fasta_split_1000/batch_153.fasta
../blast_info/fasta_split_1000/batch_154.fasta
../blast_info/fasta_split_1000/batch_155.fasta
../blast_info/fasta_split_1000/batch_156.fasta
../blast_info/fasta_split_1000/batch_157.fasta
../blast_info/fasta_split_1000/batch_158.fasta
../blast_info/fasta_split_1000/batch_159.fasta
../blast_info/fasta_split_1000/batch_16.fasta
../blast_info/fasta_split_1000/batch_160.fasta
../blast_info/fasta_split_1000/batch_161.fasta
../blast_info/fasta_split_1000/batch_162.fasta
../blast_info/fasta_split_1000/batch_163.fasta
../blast_info/fasta_split_1000/batch_164.fasta
../blast_info/fasta_split_1000/batch_165.fasta
../blast_info/fasta_split_1000/batch_166.fasta
../blast_info/fasta_split_1000/batch_167.fasta
../blast_info/fasta_split_1000/batch_168.fasta
../blast_info/fasta_split_1000/batch_169.fasta
../blast_info/fasta_split_1000/batch_17.fasta
../blast_info/fasta_split_1000/batch_170.fasta
../blast_info/fasta_split_1000/batch_171.fasta
../blast_info/fasta_split_1000/batch_172.fasta
../blast_info/fasta_split_1000/batch_173.fasta
../blast_info/fasta_split_1000/batch_174.fasta
../blast_info/fasta_split_1000/batch_175.fasta
../blast_info/fasta_split_1000/batch_176.fasta
../blast_info/fasta_split_1000/batch_177.fasta
../blast_info/fasta_split_1000/batch_178.fasta
../blast_info/fasta_split_1000/batch_179.fasta
../blast_info/fasta_split_1000/batch_18.fasta
../blast_info/fasta_split_1000/batch_180.fasta
../blast_info/fasta_split_1000/batch_181.fasta
../blast_info/fasta_split_1000/batch_182.fasta
../blast_info/fasta_split_1000/batch_183.fasta
../blast_info/fasta_split_1000/batch_184.fasta
../blast_info/fasta_split_1000/batch_185.fasta
../blast_info/fasta_split_1000/batch_186.fasta
../blast_info/fasta_split_1000/batch_187.fasta
../blast_info/fasta_split_1000/batch_188.fasta
../blast_info/fasta_split_1000/batch_189.fasta
../blast_info/fasta_split_1000/batch_19.fasta
../blast_info/fasta_split_1000/batch_190.fasta
../blast_info/fasta_split_1000/batch_191.fasta
../blast_info/fasta_split_1000/batch_192.fasta
../blast_info/fasta_split_1000/batch_193.fasta
../blast_info/fasta_split_1000/batch_194.fasta
../blast_info/fasta_split_1000/batch_195.fasta
../blast_info/fasta_split_1000/batch_196.fasta
../blast_info/fasta_split_1000/batch_197.fasta
../blast_info/fasta_split_1000/batch_198.fasta
../blast_info/fasta_split_1000/batch_199.fasta
../blast_info/fasta_split_1000/batch_2.fasta
../blast_info/fasta_split_1000/batch_20.fasta
../blast_info/fasta_split_1000/batch_200.fasta
../blast_info/fasta_split_1000/batch_201.fasta
../blast_info/fasta_split_1000/batch_202.fasta
../blast_info/fasta_split_1000/batch_203.fasta
../blast_info/fasta_split_1000/batch_204.fasta
../blast_info/fasta_split_1000/batch_205.fasta
../blast_info/fasta_split_1000/batch_206.fasta
../blast_info/fasta_split_1000/batch_207.fasta
../blast_info/fasta_split_1000/batch_208.fasta
../blast_info/fasta_split_1000/batch_209.fasta
../blast_info/fasta_split_1000/batch_21.fasta
../blast_info/fasta_split_1000/batch_210.fasta
../blast_info/fasta_split_1000/batch_211.fasta
../blast_info/fasta_split_1000/batch_212.fasta
../blast_info/fasta_split_1000/batch_213.fasta
../blast_info/fasta_split_1000/batch_214.fasta
../blast_info/fasta_split_1000/batch_215.fasta
../blast_info/fasta_split_1000/batch_216.fasta
../blast_info/fasta_split_1000/batch_217.fasta
../blast_info/fasta_split_1000/batch_218.fasta
../blast_info/fasta_split_1000/batch_219.fasta
../blast_info/fasta_split_1000/batch_22.fasta
../blast_info/fasta_split_1000/batch_220.fasta
../blast_info/fasta_split_1000/batch_221.fasta
../blast_info/fasta_split_1000/batch_222.fasta
../blast_info/fasta_split_1000/batch_223.fasta
../blast_info/fasta_split_1000/batch_224.fasta
../blast_info/fasta_split_1000/batch_225.fasta
../blast_info/fasta_split_1000/batch_226.fasta
../blast_info/fasta_split_1000/batch_227.fasta
../blast_info/fasta_split_1000/batch_23.fasta
../blast_info/fasta_split_1000/batch_24.fasta
../blast_info/fasta_split_1000/batch_25.fasta
../blast_info/fasta_split_1000/batch_26.fasta
../blast_info/fasta_split_1000/batch_27.fasta
../blast_info/fasta_split_1000/batch_28.fasta
../blast_info/fasta_split_1000/batch_29.fasta
../blast_info/fasta_split_1000/batch_3.fasta
../blast_info/fasta_split_1000/batch_30.fasta
../blast_info/fasta_split_1000/batch_31.fasta
../blast_info/fasta_split_1000/batch_32.fasta
../blast_info/fasta_split_1000/batch_33.fasta
../blast_info/fasta_split_1000/batch_34.fasta
../blast_info/fasta_split_1000/batch_35.fasta
../blast_info/fasta_split_1000/batch_36.fasta
../blast_info/fasta_split_1000/batch_37.fasta
../blast_info/fasta_split_1000/batch_38.fasta
../blast_info/fasta_split_1000/batch_39.fasta
../blast_info/fasta_split_1000/batch_4.fasta
../blast_info/fasta_split_1000/batch_40.fasta
../blast_info/fasta_split_1000/batch_41.fasta
../blast_info/fasta_split_1000/batch_42.fasta
../blast_info/fasta_split_1000/batch_43.fasta
../blast_info/fasta_split_1000/batch_44.fasta
../blast_info/fasta_split_1000/batch_45.fasta
../blast_info/fasta_split_1000/batch_46.fasta
../blast_info/fasta_split_1000/batch_47.fasta
../blast_info/fasta_split_1000/batch_48.fasta
../blast_info/fasta_split_1000/batch_49.fasta
../blast_info/fasta_split_1000/batch_5.fasta
../blast_info/fasta_split_1000/batch_50.fasta
../blast_info/fasta_split_1000/batch_51.fasta
../blast_info/fasta_split_1000/batch_52.fasta
../blast_info/fasta_split_1000/batch_53.fasta
../blast_info/fasta_split_1000/batch_54.fasta
../blast_info/fasta_split_1000/batch_55.fasta
../blast_info/fasta_split_1000/batch_56.fasta
../blast_info/fasta_split_1000/batch_57.fasta
../blast_info/fasta_split_1000/batch_58.fasta
../blast_info/fasta_split_1000/batch_59.fasta
../blast_info/fasta_split_1000/batch_6.fasta
../blast_info/fasta_split_1000/batch_60.fasta
../blast_info/fasta_split_1000/batch_61.fasta
../blast_info/fasta_split_1000/batch_62.fasta
../blast_info/fasta_split_1000/batch_63.fasta
../blast_info/fasta_split_1000/batch_64.fasta
../blast_info/fasta_split_1000/batch_65.fasta
../blast_info/fasta_split_1000/batch_66.fasta
../blast_info/fasta_split_1000/batch_67.fasta
../blast_info/fasta_split_1000/batch_68.fasta
../blast_info/fasta_split_1000/batch_69.fasta
../blast_info/fasta_split_1000/batch_7.fasta
../blast_info/fasta_split_1000/batch_70.fasta
../blast_info/fasta_split_1000/batch_71.fasta
../blast_info/fasta_split_1000/batch_72.fasta
../blast_info/fasta_split_1000/batch_73.fasta
../blast_info/fasta_split_1000/batch_74.fasta
../blast_info/fasta_split_1000/batch_75.fasta
../blast_info/fasta_split_1000/batch_76.fasta
../blast_info/fasta_split_1000/batch_77.fasta
../blast_info/fasta_split_1000/batch_78.fasta
../blast_info/fasta_split_1000/batch_79.fasta
../blast_info/fasta_split_1000/batch_8.fasta
../blast_info/fasta_split_1000/batch_80.fasta
../blast_info/fasta_split_1000/batch_81.fasta
../blast_info/fasta_split_1000/batch_82.fasta
../blast_info/fasta_split_1000/batch_83.fasta
../blast_info/fasta_split_1000/batch_84.fasta
../blast_info/fasta_split_1000/batch_85.fasta
../blast_info/fasta_split_1000/batch_86.fasta
../blast_info/fasta_split_1000/batch_87.fasta
../blast_info/fasta_split_1000/batch_88.fasta
../blast_info/fasta_split_1000/batch_89.fasta
../blast_info/fasta_split_1000/batch_9.fasta
../blast_info/fasta_split_1000/batch_90.fasta
../blast_info/fasta_split_1000/batch_91.fasta
../blast_info/fasta_split_1000/batch_92.fasta
../blast_info/fasta_split_1000/batch_93.fasta
../blast_info/fasta_split_1000/batch_94.fasta
../blast_info/fasta_split_1000/batch_95.fasta
../blast_info/fasta_split_1000/batch_96.fasta
../blast_info/fasta_split_1000/batch_97.fasta
../blast_info/fasta_split_1000/batch_98.fasta
../blast_info/fasta_split_1000/batch_99.fasta
